
Microsoft Visual Studio Solution File, Format Version 12.00
# Visual Studio Version 16
VisualStudioVersion = 16.0.34114.132
MinimumVisualStudioVersion = 10.0.40219.1
Project("{FAE04EC0-301F-11D3-BF4B-00C04F79EFBC}") = "Pokemon", "Pokemon\Pokemon.csproj", "{39FE871E-59EB-4CC1-BE0F-78F4BC232AF4}"
EndProject
Global
	GlobalSection(SolutionConfigurationPlatforms) = preSolution
		Debug|Any CPU = Debug|Any CPU
		Release|Any CPU = Release|Any CPU
	EndGlobalSection
	GlobalSection(ProjectConfigurationPlatforms) = postSolution
		{39FE871E-59EB-4CC1-BE0F-78F4BC232AF4}.Debug|Any CPU.ActiveCfg = Debug|Any CPU
		{39FE871E-59EB-4CC1-BE0F-78F4BC232AF4}.Debug|Any CPU.Build.0 = Debug|Any CPU
		{39FE871E-59EB-4CC1-BE0F-78F4BC232AF4}.Release|Any CPU.ActiveCfg = Release|Any CPU
		{39FE871E-59EB-4CC1-BE0F-78F4BC232AF4}.Release|Any CPU.Build.0 = Release|Any CPU
	EndGlobalSection
	GlobalSection(SolutionProperties) = preSolution
		HideSolutionNode = FALSE
	EndGlobalSection
	GlobalSection(ExtensibilityGlobals) = postSolution
		SolutionGuid = {350E1D92-5008-40B6-98DE-40A7CDB0C1C7}
	EndGlobalSection
EndGlobal
